
Microsoft Visual Studio Solution File, Format Version 12.00
# Visual Studio 15
VisualStudioVersion = 15.0.28010.2041
MinimumVisualStudioVersion = 10.0.40219.1
Project("{FAE04EC0-301F-11D3-BF4B-00C04F79EFBC}") = "RottenMango", "RottenMango\RottenMango.csproj", "{66F7EE71-164C-45EA-AA92-D9D62F1BAB47}"
EndProject
Global
	GlobalSection(SolutionConfigurationPlatforms) = preSolution
		Debug|Any CPU = Debug|Any CPU
		Release|Any CPU = Release|Any CPU
	EndGlobalSection
	GlobalSection(ProjectConfigurationPlatforms) = postSolution
		{66F7EE71-164C-45EA-AA92-D9D62F1BAB47}.Debug|Any CPU.ActiveCfg = Debug|Any CPU
		{66F7EE71-164C-45EA-AA92-D9D62F1BAB47}.Debug|Any CPU.Build.0 = Debug|Any CPU
		{66F7EE71-164C-45EA-AA92-D9D62F1BAB47}.Release|Any CPU.ActiveCfg = Release|Any CPU
		{66F7EE71-164C-45EA-AA92-D9D62F1BAB47}.Release|Any CPU.Build.0 = Release|Any CPU
	EndGlobalSection
	GlobalSection(SolutionProperties) = preSolution
		HideSolutionNode = FALSE
	EndGlobalSection
	GlobalSection(ExtensibilityGlobals) = postSolution
		SolutionGuid = {F03E9CF2-4267-46D8-BCC6-99D5C55B72BE}
	EndGlobalSection
EndGlobal
